
Microsoft Visual Studio Solution File, Format Version 12.00
# Visual Studio Version 16
VisualStudioVersion = 16.0.29418.71
MinimumVisualStudioVersion = 10.0.40219.1
Project("{9A19103F-16F7-4668-BE54-9A1E7A4F7556}") = "Narkhedegs.Limelight", "Source\Narkhedegs.Limelight\Narkhedegs.Limelight.csproj", "{601D95D0-FD65-4508-8158-9A2917EEC58E}"
EndProject
Project("{9A19103F-16F7-4668-BE54-9A1E7A4F7556}") = "Narkhedegs.Limelight.UnitTests", "Tests\Narkhedegs.Limelight.UnitTests\Narkhedegs.Limelight.UnitTests.csproj", "{1E2C8F25-F364-4A8D-B1D8-3E14BC6EDB1E}"
EndProject
Global
	GlobalSection(SolutionConfigurationPlatforms) = preSolution
		Debug|Any CPU = Debug|Any CPU
		Release|Any CPU = Release|Any CPU
	EndGlobalSection
	GlobalSection(ProjectConfigurationPlatforms) = postSolution
		{601D95D0-FD65-4508-8158-9A2917EEC58E}.Debug|Any CPU.ActiveCfg = Debug|Any CPU
		{601D95D0-FD65-4508-8158-9A2917EEC58E}.Debug|Any CPU.Build.0 = Debug|Any CPU
		{601D95D0-FD65-4508-8158-9A2917EEC58E}.Release|Any CPU.ActiveCfg = Release|Any CPU
		{601D95D0-FD65-4508-8158-9A2917EEC58E}.Release|Any CPU.Build.0 = Release|Any CPU
		{1E2C8F25-F364-4A8D-B1D8-3E14BC6EDB1E}.Debug|Any CPU.ActiveCfg = Debug|Any CPU
		{1E2C8F25-F364-4A8D-B1D8-3E14BC6EDB1E}.Debug|Any CPU.Build.0 = Debug|Any CPU
		{1E2C8F25-F364-4A8D-B1D8-3E14BC6EDB1E}.Release|Any CPU.ActiveCfg = Release|Any CPU
		{1E2C8F25-F364-4A8D-B1D8-3E14BC6EDB1E}.Release|Any CPU.Build.0 = Release|Any CPU
	EndGlobalSection
	GlobalSection(SolutionProperties) = preSolution
		HideSolutionNode = FALSE
	EndGlobalSection
	GlobalSection(ExtensibilityGlobals) = postSolution
		SolutionGuid = {640127B7-5F02-43E6-B208-7D06B33F1170}
	EndGlobalSection
EndGlobal
